
Microsoft Visual Studio Solution File, Format Version 12.00
# Visual Studio Version 17
VisualStudioVersion = 17.1.32104.313
MinimumVisualStudioVersion = 10.0.40219.1
Project("{9A19103F-16F7-4668-BE54-9A1E7A4F7556}") = "Music_Visual", "Music Visual\Music_Visual.csproj", "{B2892C95-4D32-48DB-A22D-EAE2B53554CE}"
EndProject
Global
	GlobalSection(SolutionConfigurationPlatforms) = preSolution
		Debug|Any CPU = Debug|Any CPU
		Debug|arm64 = Debug|arm64
		Debug|x64 = Debug|x64
		Debug|x86 = Debug|x86
		Release|Any CPU = Release|Any CPU
		Release|arm64 = Release|arm64
		Release|x64 = Release|x64
		Release|x86 = Release|x86
	EndGlobalSection
	GlobalSection(ProjectConfigurationPlatforms) = postSolution
		{B2892C95-4D32-48DB-A22D-EAE2B53554CE}.Debug|Any CPU.ActiveCfg = Debug|Any CPU
		{B2892C95-4D32-48DB-A22D-EAE2B53554CE}.Debug|Any CPU.Build.0 = Debug|Any CPU
		{B2892C95-4D32-48DB-A22D-EAE2B53554CE}.Debug|arm64.ActiveCfg = Debug|Any CPU
		{B2892C95-4D32-48DB-A22D-EAE2B53554CE}.Debug|arm64.Build.0 = Debug|Any CPU
		{B2892C95-4D32-48DB-A22D-EAE2B53554CE}.Debug|x64.ActiveCfg = Debug|x64
		{B2892C95-4D32-48DB-A22D-EAE2B53554CE}.Debug|x64.Build.0 = Debug|x64
		{B2892C95-4D32-48DB-A22D-EAE2B53554CE}.Debug|x86.ActiveCfg = Debug|Any CPU
		{B2892C95-4D32-48DB-A22D-EAE2B53554CE}.Debug|x86.Build.0 = Debug|Any CPU
		{B2892C95-4D32-48DB-A22D-EAE2B53554CE}.Release|Any CPU.ActiveCfg = Release|Any CPU
		{B2892C95-4D32-48DB-A22D-EAE2B53554CE}.Release|Any CPU.Build.0 = Release|Any CPU
		{B2892C95-4D32-48DB-A22D-EAE2B53554CE}.Release|arm64.ActiveCfg = Release|Any CPU
		{B2892C95-4D32-48DB-A22D-EAE2B53554CE}.Release|arm64.Build.0 = Release|Any CPU
		{B2892C95-4D32-48DB-A22D-EAE2B53554CE}.Release|x64.ActiveCfg = Release|x64
		{B2892C95-4D32-48DB-A22D-EAE2B53554CE}.Release|x64.Build.0 = Release|x64
		{B2892C95-4D32-48DB-A22D-EAE2B53554CE}.Release|x86.ActiveCfg = Release|Any CPU
		{B2892C95-4D32-48DB-A22D-EAE2B53554CE}.Release|x86.Build.0 = Release|Any CPU
	EndGlobalSection
	GlobalSection(SolutionProperties) = preSolution
		HideSolutionNode = FALSE
	EndGlobalSection
	GlobalSection(ExtensibilityGlobals) = postSolution
		SolutionGuid = {BD6CECBA-A6A5-4E5F-99E5-7168EDEF7E5D}
	EndGlobalSection
EndGlobal
